{
  "version": 4,
  "terraform_version": "1.12.2",
  "serial": 1,
  "lineage": "62fb10de-18f3-6529-5513-5f9935ceac4e",
  "outputs": {
    "amazon_linux_ami_info": {
      "value": {
        "ami_id": "ami-04c82466a6fab80eb",
        "architecture": "x86_64",
        "creation_date": "2025-08-08T20:33:25.000Z",
        "description": "Amazon Linux 2 AMI 2.0.20250808.1 x86_64 HVM gp2",
        "name": "amzn2-ami-hvm-2.0.20250808.1-x86_64-gp2"
      },
      "type": [
        "object",
        {
          "ami_id": "string",
          "architecture": "string",
          "creation_date": "string",
          "description": "string",
          "name": "string"
        }
      ]
    },
    "availability_zones_info": {
      "value": {
        "count": 4,
        "zone_ids": [
          "usw2-az2",
          "usw2-az1",
          "usw2-az3",
          "usw2-az4"
        ],
        "zone_names": [
          "us-west-2a",
          "us-west-2b",
          "us-west-2c",
          "us-west-2d"
        ]
      },
      "type": [
        "object",
        {
          "count": "number",
          "zone_ids": [
            "list",
            "string"
          ],
          "zone_names": [
            "list",
            "string"
          ]
        }
      ]
    },
    "caller_identity_info": {
      "value": {
        "account_id": "954976295346",
        "arn": "arn:aws:iam::954976295346:user/sivan",
        "user_id": "AIDA54WIF3GZOQEY6JGYV"
      },
      "type": [
        "object",
        {
          "account_id": "string",
          "arn": "string",
          "user_id": "string"
        }
      ]
    }
  },
  "resources": [
    {
      "mode": "data",
      "type": "aws_ami",
      "name": "amazon_linux",
      "provider": "provider[\"registry.terraform.io/hashicorp/aws\"]",
      "instances": [
        {
          "schema_version": 0,
          "attributes": {
            "architecture": "x86_64",
            "arn": "arn:aws:ec2:us-west-2::image/ami-04c82466a6fab80eb",
            "block_device_mappings": [
              {
                "device_name": "/dev/xvda",
                "ebs": {
                  "delete_on_termination": "true",
                  "encrypted": "false",
                  "iops": "0",
                  "snapshot_id": "snap-0717cdafefc40f0f3",
                  "throughput": "0",
                  "volume_initialization_rate": "0",
                  "volume_size": "8",
                  "volume_type": "gp2"
                },
                "no_device": "",
                "virtual_name": ""
              }
            ],
            "boot_mode": "",
            "creation_date": "2025-08-08T20:33:25.000Z",
            "deprecation_time": "2025-11-06T20:33:00.000Z",
            "description": "Amazon Linux 2 AMI 2.0.20250808.1 x86_64 HVM gp2",
            "ena_support": true,
            "executable_users": null,
            "filter": [
              {
                "name": "name",
                "values": [
                  "amzn2-ami-hvm-*-x86_64-gp2"
                ]
              },
              {
                "name": "virtualization-type",
                "values": [
                  "hvm"
                ]
              }
            ],
            "hypervisor": "xen",
            "id": "ami-04c82466a6fab80eb",
            "image_id": "ami-04c82466a6fab80eb",
            "image_location": "amazon/amzn2-ami-hvm-2.0.20250808.1-x86_64-gp2",
            "image_owner_alias": "amazon",
            "image_type": "machine",
            "imds_support": "",
            "include_deprecated": false,
            "kernel_id": "",
            "last_launched_time": "",
            "most_recent": true,
            "name": "amzn2-ami-hvm-2.0.20250808.1-x86_64-gp2",
            "name_regex": null,
            "owner_id": "137112412989",
            "owners": [
              "amazon"
            ],
            "platform": "",
            "platform_details": "Linux/UNIX",
            "product_codes": [],
            "public": true,
            "ramdisk_id": "",
            "root_device_name": "/dev/xvda",
            "root_device_type": "ebs",
            "root_snapshot_id": "snap-0717cdafefc40f0f3",
            "sriov_net_support": "simple",
            "state": "available",
            "state_reason": {
              "code": "UNSET",
              "message": "UNSET"
            },
            "tags": {},
            "timeouts": null,
            "tpm_support": "",
            "uefi_data": null,
            "usage_operation": "RunInstances",
            "virtualization_type": "hvm"
          },
          "sensitive_attributes": [],
          "identity_schema_version": 0
        }
      ]
    },
    {
      "mode": "data",
      "type": "aws_availability_zones",
      "name": "available",
      "provider": "provider[\"registry.terraform.io/hashicorp/aws\"]",
      "instances": [
        {
          "schema_version": 0,
          "attributes": {
            "all_availability_zones": null,
            "exclude_names": null,
            "exclude_zone_ids": null,
            "filter": null,
            "group_names": [
              "us-west-2-zg-1"
            ],
            "id": "us-west-2",
            "names": [
              "us-west-2a",
              "us-west-2b",
              "us-west-2c",
              "us-west-2d"
            ],
            "state": "available",
            "timeouts": null,
            "zone_ids": [
              "usw2-az2",
              "usw2-az1",
              "usw2-az3",
              "usw2-az4"
            ]
          },
          "sensitive_attributes": [],
          "identity_schema_version": 0
        }
      ]
    },
    {
      "mode": "data",
      "type": "aws_caller_identity",
      "name": "current",
      "provider": "provider[\"registry.terraform.io/hashicorp/aws\"]",
      "instances": [
        {
          "schema_version": 0,
          "attributes": {
            "account_id": "954976295346",
            "arn": "arn:aws:iam::954976295346:user/sivan",
            "id": "954976295346",
            "user_id": "AIDA54WIF3GZOQEY6JGYV"
          },
          "sensitive_attributes": [],
          "identity_schema_version": 0
        }
      ]
    },
    {
      "mode": "managed",
      "type": "local_file",
      "name": "data_summary",
      "provider": "provider[\"registry.terraform.io/hashicorp/local\"]",
      "instances": [
        {
          "schema_version": 0,
          "attributes": {
            "content": "AWS Data Sources Summary\r\n=======================\r\n\r\nCurrent AWS Account: 954976295346\r\nUser ARN: arn:aws:iam::954976295346:user/sivan\r\n\r\nLatest Amazon Linux 2 AMI:\r\n- AMI ID: ami-04c82466a6fab80eb\r\n- Name: amzn2-ami-hvm-2.0.20250808.1-x86_64-gp2\r\n- Created: 2025-08-08T20:33:25.000Z\r\n\r\nAvailable Zones: us-west-2a, us-west-2b, us-west-2c, us-west-2d\r\nTotal Zones: 4\r\n",
            "content_base64": null,
            "content_base64sha256": "+iANPkeQ93ug/b0WbR0psK86Fa6qDyVMB0Zu6+0FX/A=",
            "content_base64sha512": "EbY1qxh0cGiuanzaS04jIZ4FjPhXawsGPP5sOvSrd1z6mnX9S2/OLX5zwVSLI0sCWIAw0o767DVuAK4IofV0Aw==",
            "content_md5": "4539d36ace9b5bdab03a0466862f10a0",
            "content_sha1": "1d8f13bc07e999705eb688923e77fd322817ad9b",
            "content_sha256": "fa200d3e4790f77ba0fdbd166d1d29b0af3a15aeaa0f254c07466eebed055ff0",
            "content_sha512": "11b635ab18747068ae6a7cda4b4e23219e058cf8576b0b063cfe6c3af4ab775cfa9a75fd4b6fce2d7e73c1548b234b02588030d28efaec356e00ae08a1f57403",
            "directory_permission": "0777",
            "file_permission": "0777",
            "filename": "aws_data_summary.txt",
            "id": "1d8f13bc07e999705eb688923e77fd322817ad9b",
            "sensitive_content": null,
            "source": null
          },
          "sensitive_attributes": [
            [
              {
                "type": "get_attr",
                "value": "sensitive_content"
              }
            ]
          ],
          "identity_schema_version": 0,
          "dependencies": [
            "data.aws_ami.amazon_linux",
            "data.aws_availability_zones.available",
            "data.aws_caller_identity.current"
          ]
        }
      ]
    },
    {
      "mode": "managed",
      "type": "null_resource",
      "name": "print_to_console",
      "provider": "provider[\"registry.terraform.io/hashicorp/null\"]",
      "instances": [
        {
          "schema_version": 0,
          "attributes": {
            "id": "7807116150541334341",
            "triggers": {
              "always_run": "2025-08-15T07:00:34Z"
            }
          },
          "sensitive_attributes": [],
          "identity_schema_version": 0,
          "dependencies": [
            "data.aws_ami.amazon_linux",
            "data.aws_availability_zones.available",
            "data.aws_caller_identity.current"
          ]
        }
      ]
    }
  ],
  "check_results": null
}
